
Microsoft Visual Studio Solution File, Format Version 12.00
# Visual Studio Version 16
VisualStudioVersion = 16.0.29102.190
MinimumVisualStudioVersion = 10.0.40219.1
Project("{FAE04EC0-301F-11D3-BF4B-00C04F79EFBC}") = "WhileLoops", "WhileLoops\WhileLoops.csproj", "{709FDD81-33BB-43A7-835B-997FB333A07F}"
EndProject
Global
	GlobalSection(SolutionConfigurationPlatforms) = preSolution
		Debug|Any CPU = Debug|Any CPU
		Release|Any CPU = Release|Any CPU
	EndGlobalSection
	GlobalSection(ProjectConfigurationPlatforms) = postSolution
		{709FDD81-33BB-43A7-835B-997FB333A07F}.Debug|Any CPU.ActiveCfg = Debug|Any CPU
		{709FDD81-33BB-43A7-835B-997FB333A07F}.Debug|Any CPU.Build.0 = Debug|Any CPU
		{709FDD81-33BB-43A7-835B-997FB333A07F}.Release|Any CPU.ActiveCfg = Release|Any CPU
		{709FDD81-33BB-43A7-835B-997FB333A07F}.Release|Any CPU.Build.0 = Release|Any CPU
	EndGlobalSection
	GlobalSection(SolutionProperties) = preSolution
		HideSolutionNode = FALSE
	EndGlobalSection
	GlobalSection(ExtensibilityGlobals) = postSolution
		SolutionGuid = {F103A8FC-B7C8-4C77-A506-6BCB2D988C6D}
	EndGlobalSection
EndGlobal
